
Microsoft Visual Studio Solution File, Format Version 12.00
# Visual Studio 14
VisualStudioVersion = 14.0.25123.0
MinimumVisualStudioVersion = 10.0.40219.1
Project("{FAE04EC0-301F-11D3-BF4B-00C04F79EFBC}") = "ReportsGeneratorPlugin", "ReportsGeneratorPlugin\ReportsGeneratorPlugin.csproj", "{1453A288-DD74-4A2A-A1CB-F7FEF81A72B9}"
EndProject
Project("{FAE04EC0-301F-11D3-BF4B-00C04F79EFBC}") = "DataService", "DataService\DataService.csproj", "{C00A3C82-039A-4C21-AB50-56DE082FB233}"
EndProject
Project("{FAE04EC0-301F-11D3-BF4B-00C04F79EFBC}") = "Engine", "Engine\Engine.csproj", "{EFA3E00D-E0A3-4FA0-90B3-ED4A3BE33A14}"
EndProject
Global
	GlobalSection(SubversionScc) = preSolution
		Svn-Managed = True
		Manager = AnkhSVN - Subversion Support for Visual Studio
	EndGlobalSection
	GlobalSection(SolutionConfigurationPlatforms) = preSolution
		Debug|Any CPU = Debug|Any CPU
		Release|Any CPU = Release|Any CPU
	EndGlobalSection
	GlobalSection(ProjectConfigurationPlatforms) = postSolution
		{1453A288-DD74-4A2A-A1CB-F7FEF81A72B9}.Debug|Any CPU.ActiveCfg = Debug|Any CPU
		{1453A288-DD74-4A2A-A1CB-F7FEF81A72B9}.Debug|Any CPU.Build.0 = Debug|Any CPU
		{1453A288-DD74-4A2A-A1CB-F7FEF81A72B9}.Release|Any CPU.ActiveCfg = Release|Any CPU
		{1453A288-DD74-4A2A-A1CB-F7FEF81A72B9}.Release|Any CPU.Build.0 = Release|Any CPU
		{C00A3C82-039A-4C21-AB50-56DE082FB233}.Debug|Any CPU.ActiveCfg = Debug|Any CPU
		{C00A3C82-039A-4C21-AB50-56DE082FB233}.Debug|Any CPU.Build.0 = Debug|Any CPU
		{C00A3C82-039A-4C21-AB50-56DE082FB233}.Release|Any CPU.ActiveCfg = Release|Any CPU
		{C00A3C82-039A-4C21-AB50-56DE082FB233}.Release|Any CPU.Build.0 = Release|Any CPU
		{EFA3E00D-E0A3-4FA0-90B3-ED4A3BE33A14}.Debug|Any CPU.ActiveCfg = Debug|Any CPU
		{EFA3E00D-E0A3-4FA0-90B3-ED4A3BE33A14}.Debug|Any CPU.Build.0 = Debug|Any CPU
		{EFA3E00D-E0A3-4FA0-90B3-ED4A3BE33A14}.Release|Any CPU.ActiveCfg = Release|Any CPU
		{EFA3E00D-E0A3-4FA0-90B3-ED4A3BE33A14}.Release|Any CPU.Build.0 = Release|Any CPU
	EndGlobalSection
	GlobalSection(SolutionProperties) = preSolution
		HideSolutionNode = FALSE
	EndGlobalSection
EndGlobal
